
Microsoft Visual Studio Solution File, Format Version 12.00
Project("{FAE04EC0-301F-11D3-BF4B-00C04F79EFBC}") = "EMachine.Orleans.Shared", "EMachine.Orleans.Shared\EMachine.Orleans.Shared.csproj", "{EE4315D0-6388-4CA9-B198-C681556666CE}"
EndProject
Project("{2150E333-8FDC-42A3-9474-1A3956D46DE8}") = "Components", "Components", "{823B0948-3D76-4C0F-A0CF-35E7EC66FB87}"
EndProject
Project("{2150E333-8FDC-42A3-9474-1A3956D46DE8}") = "Sales", "Sales", "{A5CF66D3-3633-4CE8-A147-49434DC99F83}"
EndProject
Project("{2150E333-8FDC-42A3-9474-1A3956D46DE8}") = "Banking", "Banking", "{5264F948-DD0E-4CE0-B5C0-6002AAD77107}"
EndProject
Project("{2150E333-8FDC-42A3-9474-1A3956D46DE8}") = "Management", "Management", "{55D15429-3D73-4D74-B33A-39D5F337A53C}"
EndProject
Project("{2150E333-8FDC-42A3-9474-1A3956D46DE8}") = "Applications", "Applications", "{6FE22FE8-111F-4A77-84DF-AA7337628688}"
EndProject
Project("{FAE04EC0-301F-11D3-BF4B-00C04F79EFBC}") = "EMachine.Sales.Orleans", "EMachine.Sales.Orleans\EMachine.Sales.Orleans.csproj", "{F66BF32C-34A2-440C-9D81-A3FF410E67C8}"
EndProject
Project("{FAE04EC0-301F-11D3-BF4B-00C04F79EFBC}") = "EMachine.Sales.Orleans.Abstractions", "EMachine.Sales.Orleans.Abstractions\EMachine.Sales.Orleans.Abstractions.csproj", "{3609A8C8-8167-4F69-AD42-6B39F61BD5F6}"
EndProject
Project("{2150E333-8FDC-42A3-9474-1A3956D46DE8}") = "Tests", "Tests", "{1F67E33D-3051-41E5-A69C-11FB76696842}"
EndProject
Project("{2150E333-8FDC-42A3-9474-1A3956D46DE8}") = "Sales", "Sales", "{243261AD-4512-4FB6-8D06-0E43C72B54B6}"
EndProject
Project("{2150E333-8FDC-42A3-9474-1A3956D46DE8}") = "Banking", "Banking", "{05D11ED4-04E4-43B0-8DA9-A76E00A1FA6D}"
EndProject
Project("{2150E333-8FDC-42A3-9474-1A3956D46DE8}") = "Management", "Management", "{3D211588-8C65-419D-A82F-CFE6A110E2EA}"
EndProject
Project("{FAE04EC0-301F-11D3-BF4B-00C04F79EFBC}") = "EMachine.Orleans.Tests", "Tests\EMachine.Orleans.Tests\EMachine.Orleans.Tests.csproj", "{ACE27B14-6E99-4C7C-A942-467B35739D7F}"
EndProject
Project("{2150E333-8FDC-42A3-9474-1A3956D46DE8}") = "Framework", "Framework", "{959D928E-D148-47DB-83C8-9D5966631859}"
EndProject
Project("{FAE04EC0-301F-11D3-BF4B-00C04F79EFBC}") = "EMachine.Sales.Orleans.Tests", "Tests\EMachine.Sales.Orleans.Tests\EMachine.Sales.Orleans.Tests.csproj", "{C1473A8F-BD43-4A04-80E0-A69C7BB52F52}"
EndProject
Project("{FAE04EC0-301F-11D3-BF4B-00C04F79EFBC}") = "EMachine.Sales.EntityFrameworkCore", "EMachine.Sales.EntityFrameworkCore\EMachine.Sales.EntityFrameworkCore.csproj", "{E5926741-058F-4ED9-970F-53B91B73601E}"
EndProject
Project("{FAE04EC0-301F-11D3-BF4B-00C04F79EFBC}") = "EMachine.Sales.Domain", "EMachine.Sales.Domain\EMachine.Sales.Domain.csproj", "{79BF5225-06C0-4E0D-8E2F-6D7F9B562B17}"
EndProject
Project("{FAE04EC0-301F-11D3-BF4B-00C04F79EFBC}") = "EMachine.Sales.EntityFrameworkCore.Tests", "Tests\EMachine.Sales.EntityFrameworkCore.Tests\EMachine.Sales.EntityFrameworkCore.Tests.csproj", "{BEAFC322-4059-4000-970D-71746D195BE9}"
EndProject
Project("{FAE04EC0-301F-11D3-BF4B-00C04F79EFBC}") = "EMachine.Sales.Orleans.Projection", "EMachine.Sales.Orleans.Projection\EMachine.Sales.Orleans.Projection.csproj", "{AB7490E7-3E50-4D75-BAD3-3718FC3D0960}"
EndProject
Project("{FAE04EC0-301F-11D3-BF4B-00C04F79EFBC}") = "EMachine.Sales.Hosting", "EMachine.Sales.Hosting\EMachine.Sales.Hosting.csproj", "{A9A1B974-57F5-440D-9A57-A5987C4EA8B8}"
EndProject
Project("{FAE04EC0-301F-11D3-BF4B-00C04F79EFBC}") = "EMachine.Orleans.Server", "EMachine.Orleans.Server\EMachine.Orleans.Server.csproj", "{E1EDC8F7-B28C-46D3-9E5E-960E552E6F90}"
EndProject
Project("{FAE04EC0-301F-11D3-BF4B-00C04F79EFBC}") = "EMachine.Orleans.Server.Providers.AdoNet", "EMachine.Orleans.Server.Providers.AdoNet\EMachine.Orleans.Server.Providers.AdoNet.csproj", "{A23E6E3C-6CEB-44FC-BE65-5A42AD2568EB}"
EndProject
Project("{FAE04EC0-301F-11D3-BF4B-00C04F79EFBC}") = "EMachine.Orleans.Server.Providers.Azure", "EMachine.Orleans.Server.Providers.Azure\EMachine.Orleans.Server.Providers.Azure.csproj", "{5CBF9BF2-6634-47CD-A795-98630C45CC8D}"
EndProject
Project("{FAE04EC0-301F-11D3-BF4B-00C04F79EFBC}") = "EMachine.Orleans.Client", "EMachine.Orleans.Client\EMachine.Orleans.Client.csproj", "{734B1E92-782B-46B4-9563-B15883D37F08}"
EndProject
Project("{FAE04EC0-301F-11D3-BF4B-00C04F79EFBC}") = "EMachine.Orleans.Server.Providers.Redis", "EMachine.Orleans.Server.Providers.Redis\EMachine.Orleans.Server.Providers.Redis.csproj", "{A82FD7CC-7D1D-4E0D-A93A-E349B597380D}"
EndProject
Project("{FAE04EC0-301F-11D3-BF4B-00C04F79EFBC}") = "EMachine.Providers.Azure", "EMachine.Providers.Azure\EMachine.Providers.Azure.csproj", "{1A84D940-4D2A-4793-9D52-E3068BA153A8}"
EndProject
Global
	GlobalSection(SolutionConfigurationPlatforms) = preSolution
		Debug|Any CPU = Debug|Any CPU
		Release|Any CPU = Release|Any CPU
	EndGlobalSection
	GlobalSection(ProjectConfigurationPlatforms) = postSolution
		{EE4315D0-6388-4CA9-B198-C681556666CE}.Debug|Any CPU.ActiveCfg = Debug|Any CPU
		{EE4315D0-6388-4CA9-B198-C681556666CE}.Debug|Any CPU.Build.0 = Debug|Any CPU
		{EE4315D0-6388-4CA9-B198-C681556666CE}.Release|Any CPU.ActiveCfg = Release|Any CPU
		{EE4315D0-6388-4CA9-B198-C681556666CE}.Release|Any CPU.Build.0 = Release|Any CPU
		{F66BF32C-34A2-440C-9D81-A3FF410E67C8}.Debug|Any CPU.ActiveCfg = Debug|Any CPU
		{F66BF32C-34A2-440C-9D81-A3FF410E67C8}.Debug|Any CPU.Build.0 = Debug|Any CPU
		{F66BF32C-34A2-440C-9D81-A3FF410E67C8}.Release|Any CPU.ActiveCfg = Release|Any CPU
		{F66BF32C-34A2-440C-9D81-A3FF410E67C8}.Release|Any CPU.Build.0 = Release|Any CPU
		{3609A8C8-8167-4F69-AD42-6B39F61BD5F6}.Debug|Any CPU.ActiveCfg = Debug|Any CPU
		{3609A8C8-8167-4F69-AD42-6B39F61BD5F6}.Debug|Any CPU.Build.0 = Debug|Any CPU
		{3609A8C8-8167-4F69-AD42-6B39F61BD5F6}.Release|Any CPU.ActiveCfg = Release|Any CPU
		{3609A8C8-8167-4F69-AD42-6B39F61BD5F6}.Release|Any CPU.Build.0 = Release|Any CPU
		{ACE27B14-6E99-4C7C-A942-467B35739D7F}.Debug|Any CPU.ActiveCfg = Debug|Any CPU
		{ACE27B14-6E99-4C7C-A942-467B35739D7F}.Debug|Any CPU.Build.0 = Debug|Any CPU
		{ACE27B14-6E99-4C7C-A942-467B35739D7F}.Release|Any CPU.ActiveCfg = Release|Any CPU
		{ACE27B14-6E99-4C7C-A942-467B35739D7F}.Release|Any CPU.Build.0 = Release|Any CPU
		{C1473A8F-BD43-4A04-80E0-A69C7BB52F52}.Debug|Any CPU.ActiveCfg = Debug|Any CPU
		{C1473A8F-BD43-4A04-80E0-A69C7BB52F52}.Debug|Any CPU.Build.0 = Debug|Any CPU
		{C1473A8F-BD43-4A04-80E0-A69C7BB52F52}.Release|Any CPU.ActiveCfg = Release|Any CPU
		{C1473A8F-BD43-4A04-80E0-A69C7BB52F52}.Release|Any CPU.Build.0 = Release|Any CPU
		{E5926741-058F-4ED9-970F-53B91B73601E}.Debug|Any CPU.ActiveCfg = Debug|Any CPU
		{E5926741-058F-4ED9-970F-53B91B73601E}.Debug|Any CPU.Build.0 = Debug|Any CPU
		{E5926741-058F-4ED9-970F-53B91B73601E}.Release|Any CPU.ActiveCfg = Release|Any CPU
		{E5926741-058F-4ED9-970F-53B91B73601E}.Release|Any CPU.Build.0 = Release|Any CPU
		{79BF5225-06C0-4E0D-8E2F-6D7F9B562B17}.Debug|Any CPU.ActiveCfg = Debug|Any CPU
		{79BF5225-06C0-4E0D-8E2F-6D7F9B562B17}.Debug|Any CPU.Build.0 = Debug|Any CPU
		{79BF5225-06C0-4E0D-8E2F-6D7F9B562B17}.Release|Any CPU.ActiveCfg = Release|Any CPU
		{79BF5225-06C0-4E0D-8E2F-6D7F9B562B17}.Release|Any CPU.Build.0 = Release|Any CPU
		{BEAFC322-4059-4000-970D-71746D195BE9}.Debug|Any CPU.ActiveCfg = Debug|Any CPU
		{BEAFC322-4059-4000-970D-71746D195BE9}.Debug|Any CPU.Build.0 = Debug|Any CPU
		{BEAFC322-4059-4000-970D-71746D195BE9}.Release|Any CPU.ActiveCfg = Release|Any CPU
		{BEAFC322-4059-4000-970D-71746D195BE9}.Release|Any CPU.Build.0 = Release|Any CPU
		{AB7490E7-3E50-4D75-BAD3-3718FC3D0960}.Debug|Any CPU.ActiveCfg = Debug|Any CPU
		{AB7490E7-3E50-4D75-BAD3-3718FC3D0960}.Debug|Any CPU.Build.0 = Debug|Any CPU
		{AB7490E7-3E50-4D75-BAD3-3718FC3D0960}.Release|Any CPU.ActiveCfg = Release|Any CPU
		{AB7490E7-3E50-4D75-BAD3-3718FC3D0960}.Release|Any CPU.Build.0 = Release|Any CPU
		{A9A1B974-57F5-440D-9A57-A5987C4EA8B8}.Debug|Any CPU.ActiveCfg = Debug|Any CPU
		{A9A1B974-57F5-440D-9A57-A5987C4EA8B8}.Debug|Any CPU.Build.0 = Debug|Any CPU
		{A9A1B974-57F5-440D-9A57-A5987C4EA8B8}.Release|Any CPU.ActiveCfg = Release|Any CPU
		{A9A1B974-57F5-440D-9A57-A5987C4EA8B8}.Release|Any CPU.Build.0 = Release|Any CPU
		{E1EDC8F7-B28C-46D3-9E5E-960E552E6F90}.Debug|Any CPU.ActiveCfg = Debug|Any CPU
		{E1EDC8F7-B28C-46D3-9E5E-960E552E6F90}.Debug|Any CPU.Build.0 = Debug|Any CPU
		{E1EDC8F7-B28C-46D3-9E5E-960E552E6F90}.Release|Any CPU.ActiveCfg = Release|Any CPU
		{E1EDC8F7-B28C-46D3-9E5E-960E552E6F90}.Release|Any CPU.Build.0 = Release|Any CPU
		{A23E6E3C-6CEB-44FC-BE65-5A42AD2568EB}.Debug|Any CPU.ActiveCfg = Debug|Any CPU
		{A23E6E3C-6CEB-44FC-BE65-5A42AD2568EB}.Debug|Any CPU.Build.0 = Debug|Any CPU
		{A23E6E3C-6CEB-44FC-BE65-5A42AD2568EB}.Release|Any CPU.ActiveCfg = Release|Any CPU
		{A23E6E3C-6CEB-44FC-BE65-5A42AD2568EB}.Release|Any CPU.Build.0 = Release|Any CPU
		{5CBF9BF2-6634-47CD-A795-98630C45CC8D}.Debug|Any CPU.ActiveCfg = Debug|Any CPU
		{5CBF9BF2-6634-47CD-A795-98630C45CC8D}.Debug|Any CPU.Build.0 = Debug|Any CPU
		{5CBF9BF2-6634-47CD-A795-98630C45CC8D}.Release|Any CPU.ActiveCfg = Release|Any CPU
		{5CBF9BF2-6634-47CD-A795-98630C45CC8D}.Release|Any CPU.Build.0 = Release|Any CPU
		{734B1E92-782B-46B4-9563-B15883D37F08}.Debug|Any CPU.ActiveCfg = Debug|Any CPU
		{734B1E92-782B-46B4-9563-B15883D37F08}.Debug|Any CPU.Build.0 = Debug|Any CPU
		{734B1E92-782B-46B4-9563-B15883D37F08}.Release|Any CPU.ActiveCfg = Release|Any CPU
		{734B1E92-782B-46B4-9563-B15883D37F08}.Release|Any CPU.Build.0 = Release|Any CPU
		{A82FD7CC-7D1D-4E0D-A93A-E349B597380D}.Debug|Any CPU.ActiveCfg = Debug|Any CPU
		{A82FD7CC-7D1D-4E0D-A93A-E349B597380D}.Debug|Any CPU.Build.0 = Debug|Any CPU
		{A82FD7CC-7D1D-4E0D-A93A-E349B597380D}.Release|Any CPU.ActiveCfg = Release|Any CPU
		{A82FD7CC-7D1D-4E0D-A93A-E349B597380D}.Release|Any CPU.Build.0 = Release|Any CPU
		{1A84D940-4D2A-4793-9D52-E3068BA153A8}.Debug|Any CPU.ActiveCfg = Debug|Any CPU
		{1A84D940-4D2A-4793-9D52-E3068BA153A8}.Debug|Any CPU.Build.0 = Debug|Any CPU
		{1A84D940-4D2A-4793-9D52-E3068BA153A8}.Release|Any CPU.ActiveCfg = Release|Any CPU
		{1A84D940-4D2A-4793-9D52-E3068BA153A8}.Release|Any CPU.Build.0 = Release|Any CPU
	EndGlobalSection
	GlobalSection(NestedProjects) = preSolution
		{A5CF66D3-3633-4CE8-A147-49434DC99F83} = {823B0948-3D76-4C0F-A0CF-35E7EC66FB87}
		{5264F948-DD0E-4CE0-B5C0-6002AAD77107} = {823B0948-3D76-4C0F-A0CF-35E7EC66FB87}
		{55D15429-3D73-4D74-B33A-39D5F337A53C} = {823B0948-3D76-4C0F-A0CF-35E7EC66FB87}
		{F66BF32C-34A2-440C-9D81-A3FF410E67C8} = {A5CF66D3-3633-4CE8-A147-49434DC99F83}
		{3609A8C8-8167-4F69-AD42-6B39F61BD5F6} = {A5CF66D3-3633-4CE8-A147-49434DC99F83}
		{243261AD-4512-4FB6-8D06-0E43C72B54B6} = {1F67E33D-3051-41E5-A69C-11FB76696842}
		{05D11ED4-04E4-43B0-8DA9-A76E00A1FA6D} = {1F67E33D-3051-41E5-A69C-11FB76696842}
		{3D211588-8C65-419D-A82F-CFE6A110E2EA} = {1F67E33D-3051-41E5-A69C-11FB76696842}
		{ACE27B14-6E99-4C7C-A942-467B35739D7F} = {1F67E33D-3051-41E5-A69C-11FB76696842}
		{C1473A8F-BD43-4A04-80E0-A69C7BB52F52} = {243261AD-4512-4FB6-8D06-0E43C72B54B6}
		{E5926741-058F-4ED9-970F-53B91B73601E} = {A5CF66D3-3633-4CE8-A147-49434DC99F83}
		{79BF5225-06C0-4E0D-8E2F-6D7F9B562B17} = {A5CF66D3-3633-4CE8-A147-49434DC99F83}
		{BEAFC322-4059-4000-970D-71746D195BE9} = {243261AD-4512-4FB6-8D06-0E43C72B54B6}
		{AB7490E7-3E50-4D75-BAD3-3718FC3D0960} = {A5CF66D3-3633-4CE8-A147-49434DC99F83}
		{A9A1B974-57F5-440D-9A57-A5987C4EA8B8} = {A5CF66D3-3633-4CE8-A147-49434DC99F83}
		{EE4315D0-6388-4CA9-B198-C681556666CE} = {959D928E-D148-47DB-83C8-9D5966631859}
		{E1EDC8F7-B28C-46D3-9E5E-960E552E6F90} = {959D928E-D148-47DB-83C8-9D5966631859}
		{A23E6E3C-6CEB-44FC-BE65-5A42AD2568EB} = {959D928E-D148-47DB-83C8-9D5966631859}
		{5CBF9BF2-6634-47CD-A795-98630C45CC8D} = {959D928E-D148-47DB-83C8-9D5966631859}
		{734B1E92-782B-46B4-9563-B15883D37F08} = {959D928E-D148-47DB-83C8-9D5966631859}
		{A82FD7CC-7D1D-4E0D-A93A-E349B597380D} = {959D928E-D148-47DB-83C8-9D5966631859}
		{1A84D940-4D2A-4793-9D52-E3068BA153A8} = {959D928E-D148-47DB-83C8-9D5966631859}
	EndGlobalSection
EndGlobal
